
Microsoft Visual Studio Solution File, Format Version 12.00
# Visual Studio 15
VisualStudioVersion = 15.0.27703.2042
MinimumVisualStudioVersion = 10.0.40219.1
Project("{FAE04EC0-301F-11D3-BF4B-00C04F79EFBC}") = "MyFCL", "MyFCL\MyFCL.csproj", "{8A1C1EF3-5B13-489A-B14C-4FA3651A64E6}"
EndProject
Project("{FAE04EC0-301F-11D3-BF4B-00C04F79EFBC}") = "MyFCLTests1", "MyFCLTests1\MyFCLTests1.csproj", "{C2FCD047-6CE5-4520-A7F8-2D935C903A73}"
EndProject
Global
	GlobalSection(SolutionConfigurationPlatforms) = preSolution
		Debug|Any CPU = Debug|Any CPU
		Release|Any CPU = Release|Any CPU
	EndGlobalSection
	GlobalSection(ProjectConfigurationPlatforms) = postSolution
		{8A1C1EF3-5B13-489A-B14C-4FA3651A64E6}.Debug|Any CPU.ActiveCfg = Debug|Any CPU
		{8A1C1EF3-5B13-489A-B14C-4FA3651A64E6}.Debug|Any CPU.Build.0 = Debug|Any CPU
		{8A1C1EF3-5B13-489A-B14C-4FA3651A64E6}.Release|Any CPU.ActiveCfg = Release|Any CPU
		{8A1C1EF3-5B13-489A-B14C-4FA3651A64E6}.Release|Any CPU.Build.0 = Release|Any CPU
		{C2FCD047-6CE5-4520-A7F8-2D935C903A73}.Debug|Any CPU.ActiveCfg = Debug|Any CPU
		{C2FCD047-6CE5-4520-A7F8-2D935C903A73}.Debug|Any CPU.Build.0 = Debug|Any CPU
		{C2FCD047-6CE5-4520-A7F8-2D935C903A73}.Release|Any CPU.ActiveCfg = Release|Any CPU
		{C2FCD047-6CE5-4520-A7F8-2D935C903A73}.Release|Any CPU.Build.0 = Release|Any CPU
	EndGlobalSection
	GlobalSection(SolutionProperties) = preSolution
		HideSolutionNode = FALSE
	EndGlobalSection
	GlobalSection(ExtensibilityGlobals) = postSolution
		SolutionGuid = {CDA56805-E971-4F35-8310-E103207EFCA4}
	EndGlobalSection
EndGlobal
